hash: e919c78ffd7543f3484923cc51810586074af358e5a128d807e00f18c89aea82
updated: 2016-02-11T15:24:41.535391638Z
imports:
- name: github.com/bitly/go-nsq
  version: 2118015c120962edc5d03325c680daf3163a8b5f
- name: github.com/mreiferson/go-snappystream
  version: 028eae7ab5c4c9e2d1cb4c4ca1e53259bbe7e504
  subpackages:
  - snappy-go
devImports: []
